
Microsoft Visual Studio Solution File, Format Version 12.00
# Visual Studio 15
VisualStudioVersion = 15.0.28307.779
MinimumVisualStudioVersion = 10.0.40219.1
Project("{FAE04EC0-301F-11D3-BF4B-00C04F79EFBC}") = "ConsoleReader", "ConsoleReader\ConsoleReader.csproj", "{9FC1EBCA-4102-4386-A311-1192672129A3}"
EndProject
Project("{FAE04EC0-301F-11D3-BF4B-00C04F79EFBC}") = "WeatherService", "WeatherService\WeatherService.csproj", "{BF019A52-1995-4210-8F11-C40A78FF527F}"
EndProject
Project("{FAE04EC0-301F-11D3-BF4B-00C04F79EFBC}") = "WpfClient", "WpfClient\WpfClient.csproj", "{47A16F9A-7CFC-4CE7-B00B-F752FA46950E}"
EndProject
Global
	GlobalSection(SolutionConfigurationPlatforms) = preSolution
		Debug|Any CPU = Debug|Any CPU
		Release|Any CPU = Release|Any CPU
	EndGlobalSection
	GlobalSection(ProjectConfigurationPlatforms) = postSolution
		{9FC1EBCA-4102-4386-A311-1192672129A3}.Debug|Any CPU.ActiveCfg = Debug|Any CPU
		{9FC1EBCA-4102-4386-A311-1192672129A3}.Debug|Any CPU.Build.0 = Debug|Any CPU
		{9FC1EBCA-4102-4386-A311-1192672129A3}.Release|Any CPU.ActiveCfg = Release|Any CPU
		{9FC1EBCA-4102-4386-A311-1192672129A3}.Release|Any CPU.Build.0 = Release|Any CPU
		{BF019A52-1995-4210-8F11-C40A78FF527F}.Debug|Any CPU.ActiveCfg = Debug|Any CPU
		{BF019A52-1995-4210-8F11-C40A78FF527F}.Debug|Any CPU.Build.0 = Debug|Any CPU
		{BF019A52-1995-4210-8F11-C40A78FF527F}.Release|Any CPU.ActiveCfg = Release|Any CPU
		{BF019A52-1995-4210-8F11-C40A78FF527F}.Release|Any CPU.Build.0 = Release|Any CPU
		{47A16F9A-7CFC-4CE7-B00B-F752FA46950E}.Debug|Any CPU.ActiveCfg = Debug|Any CPU
		{47A16F9A-7CFC-4CE7-B00B-F752FA46950E}.Debug|Any CPU.Build.0 = Debug|Any CPU
		{47A16F9A-7CFC-4CE7-B00B-F752FA46950E}.Release|Any CPU.ActiveCfg = Release|Any CPU
		{47A16F9A-7CFC-4CE7-B00B-F752FA46950E}.Release|Any CPU.Build.0 = Release|Any CPU
	EndGlobalSection
	GlobalSection(SolutionProperties) = preSolution
		HideSolutionNode = FALSE
	EndGlobalSection
	GlobalSection(ExtensibilityGlobals) = postSolution
		SolutionGuid = {B6AB4FC0-E8B4-46D8-A55E-75ACECB3FAD1}
	EndGlobalSection
EndGlobal
